
Microsoft Visual Studio Solution File, Format Version 12.00
# Visual Studio Version 16
VisualStudioVersion = 16.0.30406.217
MinimumVisualStudioVersion = 10.0.40219.1
Project("{FAE04EC0-301F-11D3-BF4B-00C04F79EFBC}") = "WaterMark.Apose", "WaterMark.Apose\WaterMark.Apose.csproj", "{EAA92D2A-E737-4F89-B60B-6EC57B1BC1D0}"
EndProject
Global
	GlobalSection(SolutionConfigurationPlatforms) = preSolution
		Debug|Any CPU = Debug|Any CPU
		Release|Any CPU = Release|Any CPU
	EndGlobalSection
	GlobalSection(ProjectConfigurationPlatforms) = postSolution
		{EAA92D2A-E737-4F89-B60B-6EC57B1BC1D0}.Debug|Any CPU.ActiveCfg = Debug|Any CPU
		{EAA92D2A-E737-4F89-B60B-6EC57B1BC1D0}.Debug|Any CPU.Build.0 = Debug|Any CPU
		{EAA92D2A-E737-4F89-B60B-6EC57B1BC1D0}.Release|Any CPU.ActiveCfg = Release|Any CPU
		{EAA92D2A-E737-4F89-B60B-6EC57B1BC1D0}.Release|Any CPU.Build.0 = Release|Any CPU
	EndGlobalSection
	GlobalSection(SolutionProperties) = preSolution
		HideSolutionNode = FALSE
	EndGlobalSection
	GlobalSection(ExtensibilityGlobals) = postSolution
		SolutionGuid = {DEF97795-1FC2-47C1-8037-7D9D2AD647CC}
	EndGlobalSection
EndGlobal
